// !$*UTF8*$!
{
	archiveVersion = 1;
	classes = {
	};
	objectVersion = 46;
	objects = {

/* Begin PBXBuildFile section */
		A4F56B121CEFA2B7000F8238 /* main.m in Sources */ = {isa = PBXBuildFile; fileRef = A4F56B111CEFA2B7000F8238 /* main.m */; };
		A4F56B151CEFA2B7000F8238 /* AppDelegate.m in Sources */ = {isa = PBXBuildFile; fileRef = A4F56B141CEFA2B7000F8238 /* AppDelegate.m */; };
		A4F56B181CEFA2B7000F8238 /* DrawViewController.m in Sources */ = {isa = PBXBuildFile; fileRef = A4F56B171CEFA2B7000F8238 /* DrawViewController.m */; };
		A4F56B1D1CEFA2B7000F8238 /* Assets.xcassets in Resources */ = {isa = PBXBuildFile; fileRef = A4F56B1C1CEFA2B7000F8238 /* Assets.xcassets */; };
		A4F56B291CEFA2F1000F8238 /* DrawLine.m in Sources */ = {isa = PBXBuildFile; fileRef = A4F56B281CEFA2F1000F8238 /* DrawLine.m */; };
		A4F56B2C1CEFA99F000F8238 /* DrawView.m in Sources */ = {isa = PBXBuildFile; fileRef = A4F56B2B1CEFA99F000F8238 /* DrawView.m */; };
/* End PBXBuildFile section */

/* Begin PBXFileReference section */
		A4F56B0D1CEFA2B7000F8238 /* TouchTracker.app */ = {isa = PBXFileReference; explicitFileType = wrapper.application; includeInIndex = 0; path = TouchTracker.app; sourceTree = BUILT_PRODUCTS_DIR; };
		A4F56B111CEFA2B7000F8238 /* main.m */ = {isa = PBXFileReference; lastKnownFileType = sourcecode.c.objc; path = main.m; sourceTree = "<group>"; };
		A4F56B131CEFA2B7000F8238 /* AppDelegate.h */ = {isa = PBXFileReference; lastKnownFileType = sourcecode.c.h; path = AppDelegate.h; sourceTree = "<group>"; };
		A4F56B141CEFA2B7000F8238 /* AppDelegate.m */ = {isa = PBXFileReference; lastKnownFileType = sourcecode.c.objc; path = AppDelegate.m; sourceTree = "<group>"; };
		A4F56B161CEFA2B7000F8238 /* DrawViewController.h */ = {isa = PBXFileReference; lastKnownFileType = sourcecode.c.h; path = DrawViewController.h; sourceTree = "<group>"; };
		A4F56B171CEFA2B7000F8238 /* DrawViewController.m */ = {isa = PBXFileReference; lastKnownFileType = sourcecode.c.objc; path = DrawViewController.m; sourceTree = "<group>"; };
		A4F56B1C1CEFA2B7000F8238 /* Assets.xcassets */ = {isa = PBXFileReference; lastKnownFileType = folder.assetcatalog; path = Assets.xcassets; sourceTree = "<group>"; };
		A4F56B211CEFA2B7000F8238 /* Info.plist */ = {isa = PBXFileReference; lastKnownFileType = text.plist.xml; path = Info.plist; sourceTree = "<group>"; };
		A4F56B271CEFA2F1000F8238 /* DrawLine.h */ = {isa = PBXFileReference; fileEncoding = 4; lastKnownFileType = sourcecode.c.h; path = DrawLine.h; sourceTree = "<group>"; };
		A4F56B281CEFA2F1000F8238 /* DrawLine.m */ = {isa = PBXFileReference; fileEncoding = 4; lastKnownFileType = sourcecode.c.objc; path = DrawLine.m; sourceTree = "<group>"; };
		A4F56B2A1CEFA99F000F8238 /* DrawView.h */ = {isa = PBXFileReference; fileEncoding = 4; lastKnownFileType = sourcecode.c.h; path = DrawView.h; sourceTree = "<group>"; };
		A4F56B2B1CEFA99F000F8238 /* DrawView.m */ = {isa = PBXFileReference; fileEncoding = 4; lastKnownFileType = sourcecode.c.objc; path = DrawView.m; sourceTree = "<group>"; };
/* End PBXFileReference section */

/* Begin PBXFrameworksBuildPhase section */
		A4F56B0A1CEFA2B7000F8238 /* Frameworks */ = {
			isa = PBXFrameworksBuildPhase;
			buildActionMask = 2147483647;
			files = (
			);
			runOnlyForDeploymentPostprocessing = 0;
		};
/* End PBXFrameworksBuildPhase section */

/* Begin PBXGroup section */
		A4F56B041CEFA2B7000F8238 = {
			isa = PBXGroup;
			children = (
				A4F56B0F1CEFA2B7000F8238 /* TouchTracker */,
				A4F56B0E1CEFA2B7000F8238 /* Products */,
			);
			sourceTree = "<group>";
		};
		A4F56B0E1CEFA2B7000F8238 /* Products */ = {
			isa = PBXGroup;
			children = (
				A4F56B0D1CEFA2B7000F8238 /* TouchTracker.app */,
			);
			name = Products;
			sourceTree = "<group>";
		};
		A4F56B0F1CEFA2B7000F8238 /* TouchTracker */ = {
			isa = PBXGroup;
			children = (
				A4F56B131CEFA2B7000F8238 /* AppDelegate.h */,
				A4F56B141CEFA2B7000F8238 /* AppDelegate.m */,
				A4F56B2A1CEFA99F000F8238 /* DrawView.h */,
				A4F56B2B1CEFA99F000F8238 /* DrawView.m */,
				A4F56B161CEFA2B7000F8238 /* DrawViewController.h */,
				A4F56B171CEFA2B7000F8238 /* DrawViewController.m */,
				A4F56B271CEFA2F1000F8238 /* DrawLine.h */,
				A4F56B281CEFA2F1000F8238 /* DrawLine.m */,
				A4F56B1C1CEFA2B7000F8238 /* Assets.xcassets */,
				A4F56B211CEFA2B7000F8238 /* Info.plist */,
				A4F56B101CEFA2B7000F8238 /* Supporting Files */,
			);
			path = TouchTracker;
			sourceTree = "<group>";
		};
		A4F56B101CEFA2B7000F8238 /* Supporting Files */ = {
			isa = PBXGroup;
			children = (
				A4F56B111CEFA2B7000F8238 /* main.m */,
			);
			name = "Supporting Files";
			sourceTree = "<group>";
		};
/* End PBXGroup section */

/* Begin PBXNativeTarget section */
		A4F56B0C1CEFA2B7000F8238 /* TouchTracker */ = {
			isa = PBXNativeTarget;
			buildConfigurationList = A4F56B241CEFA2B7000F8238 /* Build configuration list for PBXNativeTarget "TouchTracker" */;
			buildPhases = (
				A4F56B091CEFA2B7000F8238 /* Sources */,
				A4F56B0A1CEFA2B7000F8238 /* Frameworks */,
				A4F56B0B1CEFA2B7000F8238 /* Resources */,
			);
			buildRules = (
			);
			dependencies = (
			);
			name = TouchTracker;
			productName = TouchTracker;
			productReference = A4F56B0D1CEFA2B7000F8238 /* TouchTracker.app */;
			productType = "com.apple.product-type.application";
		};
/* End PBXNativeTarget section */

/* Begin PBXProject section */
		A4F56B051CEFA2B7000F8238 /* Project object */ = {
			isa = PBXProject;
			attributes = {
				LastUpgradeCheck = 0730;
				ORGANIZATIONNAME = "Big Nerd";
				TargetAttributes = {
					A4F56B0C1CEFA2B7000F8238 = {
						CreatedOnToolsVersion = 7.3;
					};
				};
			};
			buildConfigurationList = A4F56B081CEFA2B7000F8238 /* Build configuration list for PBXProject "TouchTracker" */;
			compatibilityVersion = "Xcode 3.2";
			developmentRegion = English;
			hasScannedForEncodings = 0;
			knownRegions = (
				en,
				Base,
			);
			mainGroup = A4F56B041CEFA2B7000F8238;
			productRefGroup = A4F56B0E1CEFA2B7000F8238 /* Products */;
			projectDirPath = "";
			projectRoot = "";
			targets = (
				A4F56B0C1CEFA2B7000F8238 /* TouchTracker */,
			);
		};
/* End PBXProject section */

/* Begin PBXResourcesBuildPhase section */
		A4F56B0B1CEFA2B7000F8238 /* Resources */ = {
			isa = PBXResourcesBuildPhase;
			buildActionMask = 2147483647;
			files = (
				A4F56B1D1CEFA2B7000F8238 /* Assets.xcassets in Resources */,
			);
			runOnlyForDeploymentPostprocessing = 0;
		};
/* End PBXResourcesBuildPhase section */

/* Begin PBXSourcesBuildPhase section */
		A4F56B091CEFA2B7000F8238 /* Sources */ = {
			isa = PBXSourcesBuildPhase;
			buildActionMask = 2147483647;
			files = (
				A4F56B181CEFA2B7000F8238 /* DrawViewController.m in Sources */,
				A4F56B291CEFA2F1000F8238 /* DrawLine.m in Sources */,
				A4F56B151CEFA2B7000F8238 /* AppDelegate.m in Sources */,
				A4F56B121CEFA2B7000F8238 /* main.m in Sources */,
				A4F56B2C1CEFA99F000F8238 /* DrawView.m in Sources */,
			);
			runOnlyForDeploymentPostprocessing = 0;
		};
/* End PBXSourcesBuildPhase section */

/* Begin XCBuildConfiguration section */
		A4F56B221CEFA2B7000F8238 /* Debug */ = {
			isa = XCBuildConfiguration;
			buildSettings = {
				ALWAYS_SEARCH_USER_PATHS = NO;
				CLANG_ANALYZER_NONNULL = YES;
				CLANG_CXX_LANGUAGE_STANDARD = "gnu++0x";
				CLANG_CXX_LIBRARY = "libc++";
				CLANG_ENABLE_MODULES = YES;
				CLANG_ENABLE_OBJC_ARC = YES;
				CLANG_WARN_BOOL_CONVERSION = YES;
				CLANG_WARN_CONSTANT_CONVERSION = YES;
				CLANG_WARN_DIRECT_OBJC_ISA_USAGE = YES_ERROR;
				CLANG_WARN_EMPTY_BODY = YES;
				CLANG_WARN_ENUM_CONVERSION = YES;
				CLANG_WARN_INT_CONVERSION = YES;
				CLANG_WARN_OBJC_ROOT_CLASS = YES_ERROR;
				CLANG_WARN_UNREACHABLE_CODE = YES;
				CLANG_WARN__DUPLICATE_METHOD_MATCH = YES;
				"CODE_SIGN_IDENTITY[sdk=iphoneos*]" = "iPhone Developer";
				COPY_PHASE_STRIP = NO;
				DEBUG_INFORMATION_FORMAT = dwarf;
				ENABLE_STRICT_OBJC_MSGSEND = YES;
				ENABLE_TESTABILITY = YES;
				GCC_C_LANGUAGE_STANDARD = gnu99;
				GCC_DYNAMIC_NO_PIC = NO;
				GCC_NO_COMMON_BLOCKS = YES;
				GCC_OPTIMIZATION_LEVEL = 0;
				GCC_PREPROCESSOR_DEFINITIONS = (
					"DEBUG=1",
					"$(inherited)",
				);
				GCC_WARN_64_TO_32_BIT_CONVERSION = YES;
				GCC_WARN_ABOUT_RETURN_TYPE = YES_ERROR;
				GCC_WARN_UNDECLARED_SELECTOR = YES;
				GCC_WARN_UNINITIALIZED_AUTOS = YES_AGGRESSIVE;
				GCC_WARN_UNUSED_FUNCTION = YES;
				GCC_WARN_UNUSED_VARIABLE = YES;
				IPHONEOS_DEPLOYMENT_TARGET = 9.3;
				MTL_ENABLE_DEBUG_INFO = YES;
				ONLY_ACTIVE_ARCH = YES;
				SDKROOT = iphoneos;
			};
			name = Debug;
		};
		A4F56B231CEFA2B7000F8238 /* Release */ = {
			isa = XCBuildConfiguration;
			buildSettings = {
				ALWAYS_SEARCH_USER_PATHS = NO;
				CLANG_ANALYZER_NONNULL = YES;
				CLANG_CXX_LANGUAGE_STANDARD = "gnu++0x";
				CLANG_CXX_LIBRARY = "libc++";
				CLANG_ENABLE_MODULES = YES;
				CLANG_ENABLE_OBJC_ARC = YES;
				CLANG_WARN_BOOL_CONVERSION = YES;
				CLANG_WARN_CONSTANT_CONVERSION = YES;
				CLANG_WARN_DIRECT_OBJC_ISA_USAGE = YES_ERROR;
				CLANG_WARN_EMPTY_BODY = YES;
				CLANG_WARN_ENUM_CONVERSION = YES;
				CLANG_WARN_INT_CONVERSION = YES;
				CLANG_WARN_OBJC_ROOT_CLASS = YES_ERROR;
				CLANG_WARN_UNREACHABLE_CODE = YES;
				CLANG_WARN__DUPLICATE_METHOD_MATCH = YES;
				"CODE_SIGN_IDENTITY[sdk=iphoneos*]" = "iPhone Developer";
				COPY_PHASE_STRIP = NO;
				DEBUG_INFORMATION_FORMAT = "dwarf-with-dsym";
				ENABLE_NS_ASSERTIONS = NO;
				ENABLE_STRICT_OBJC_MSGSEND = YES;
				GCC_C_LANGUAGE_STANDARD = gnu99;
				GCC_NO_COMMON_BLOCKS = YES;
				GCC_WARN_64_TO_32_BIT_CONVERSION = YES;
				GCC_WARN_ABOUT_RETURN_TYPE = YES_ERROR;
				GCC_WARN_UNDECLARED_SELECTOR = YES;
				GCC_WARN_UNINITIALIZED_AUTOS = YES_AGGRESSIVE;
				GCC_WARN_UNUSED_FUNCTION = YES;
				GCC_WARN_UNUSED_VARIABLE = YES;
				IPHONEOS_DEPLOYMENT_TARGET = 9.3;
				MTL_ENABLE_DEBUG_INFO = NO;
				SDKROOT = iphoneos;
				VALIDATE_PRODUCT = YES;
			};
			name = Release;
		};
		A4F56B251CEFA2B7000F8238 /* Debug */ = {
			isa = XCBuildConfiguration;
			buildSettings = {
				ASSETCATALOG_COMPILER_APPICON_NAME = AppIcon;
				INFOPLIST_FILE = TouchTracker/Info.plist;
				LD_RUNPATH_SEARCH_PATHS = "$(inherited) @executable_path/Frameworks";
				PRODUCT_BUNDLE_IDENTIFIER = com.bignerdranch.TouchTracker;
				PRODUCT_NAME = "$(TARGET_NAME)";
			};
			name = Debug;
		};
		A4F56B261CEFA2B7000F8238 /* Release */ = {
			isa = XCBuildConfiguration;
			buildSettings = {
				ASSETCATALOG_COMPILER_APPICON_NAME = AppIcon;
				INFOPLIST_FILE = TouchTracker/Info.plist;
				LD_RUNPATH_SEARCH_PATHS = "$(inherited) @executable_path/Frameworks";
				PRODUCT_BUNDLE_IDENTIFIER = com.bignerdranch.TouchTracker;
				PRODUCT_NAME = "$(TARGET_NAME)";
			};
			name = Release;
		};
/* End XCBuildConfiguration section */

/* Begin XCConfigurationList section */
		A4F56B081CEFA2B7000F8238 /* Build configuration list for PBXProject "TouchTracker" */ = {
			isa = XCConfigurationList;
			buildConfigurations = (
				A4F56B221CEFA2B7000F8238 /* Debug */,
				A4F56B231CEFA2B7000F8238 /* Release */,
			);
			defaultConfigurationIsVisible = 0;
			defaultConfigurationName = Release;
		};
		A4F56B241CEFA2B7000F8238 /* Build configuration list for PBXNativeTarget "TouchTracker" */ = {
			isa = XCConfigurationList;
			buildConfigurations = (
				A4F56B251CEFA2B7000F8238 /* Debug */,
				A4F56B261CEFA2B7000F8238 /* Release */,
			);
			defaultConfigurationIsVisible = 0;
		};
/* End XCConfigurationList section */
	};
	rootObject = A4F56B051CEFA2B7000F8238 /* Project object */;
}
